schema: '2.0'
stages:
  data_ingestion:
    cmd: python src/chest_cancer_classifier/pipeline/stage_01_data_ingestion.py
    deps:
    - path: config/config.yaml
      hash: md5
      md5: 780aef87d0ac1237b406fc4d6c9a4348
      size: 569
    - path: src/chest_cancer_classifier/pipeline/stage_01_data_ingestion.py
      hash: md5
      md5: e3bd0a6711e8e5719ff9225fe455b942
      size: 939
    outs:
    - path: artifacts/data_ingestion/Chest-CT-Scan-data
      hash: md5
      md5: 904fa45d934ce879b3b1933dca6cb2f1.dir
      size: 49247431
      nfiles: 343
  prepare_base_model:
    cmd: python src/chest_cancer_classifier/pipeline/stage_02_prepare_base_model.py
    deps:
    - path: config/config.yaml
      hash: md5
      md5: 780aef87d0ac1237b406fc4d6c9a4348
      size: 569
    - path: src/chest_cancer_classifier/pipeline/stage_02_prepare_base_model.py
      hash: md5
      md5: 1d751fa6535c7abe2a895660d0e73549
      size: 1027
    params:
      params.yaml:
        CLASSES: 2
        IMAGE_SIZE:
        - 224
        - 224
        - 3
        INCLUDE_TOP: false
        LEARNING_RATE: 0.01
        WEIGHTS: imagenet
    outs:
    - path: artifacts/prepare_base_model
      hash: md5
      md5: 2ce22798f810ffe0521ddfdfc6171d69.dir
      size: 118054560
      nfiles: 2
  training:
    cmd: python src/chest_cancer_classifier/pipeline/stage_03_model_trainer.py
    deps:
    - path: artifacts/data_ingestion/Chest-CT-Scan-data
      hash: md5
      md5: 904fa45d934ce879b3b1933dca6cb2f1.dir
      size: 49247431
      nfiles: 343
    - path: artifacts/prepare_base_model
      hash: md5
      md5: 2ce22798f810ffe0521ddfdfc6171d69.dir
      size: 118054560
      nfiles: 2
    - path: config/config.yaml
      hash: md5
      md5: 780aef87d0ac1237b406fc4d6c9a4348
      size: 569
    - path: src/chest_cancer_classifier/pipeline/stage_03_model_trainer.py
      hash: md5
      md5: e924efac36c34aff85e28f41bd8291bd
      size: 956
    params:
      params.yaml:
        AUGMENTATION: true
        BATCH_SIZE: 16
        EPOCHS: 1
        IMAGE_SIZE:
        - 224
        - 224
        - 3
    outs:
    - path: artifacts/training/model.h5
      hash: md5
      md5: 1a7406fd76373a47d8617be1cbc69c5c
      size: 59337520
  evaluation:
    cmd: python src/chest_cancer_classifier/pipeline/stage_04_model_evaluation.py
    deps:
    - path: artifacts/data_ingestion/Chest-CT-Scan-data
      hash: md5
      md5: 904fa45d934ce879b3b1933dca6cb2f1.dir
      size: 49247431
      nfiles: 343
    - path: artifacts/training/model.h5
      hash: md5
      md5: 1a7406fd76373a47d8617be1cbc69c5c
      size: 59337520
    - path: config/config.yaml
      hash: md5
      md5: 780aef87d0ac1237b406fc4d6c9a4348
      size: 569
    - path: src/chest_cancer_classifier/pipeline/stage_04_model_evaluation.py
      hash: md5
      md5: 714170d51a0d5dfab187a2f91afde20a
      size: 967
    params:
      params.yaml:
        BATCH_SIZE: 16
        IMAGE_SIZE:
        - 224
        - 224
        - 3
    outs:
    - path: scores.json
      hash: md5
      md5: b325ea0a0e7a0aa1d86d47004442bd98
      size: 73
